
Microsoft Visual Studio Solution File, Format Version 12.00
# Visual Studio 2013
VisualStudioVersion = 12.0.40629.0
MinimumVisualStudioVersion = 10.0.40219.1
Project("{FAE04EC0-301F-11D3-BF4B-00C04F79EFBC}") = "Paxtonia", "Paxtonia\Paxtonia.csproj", "{C2A1C18C-F2AD-4881-BE63-58E4D43D30CF}"
EndProject
Global
	GlobalSection(SolutionConfigurationPlatforms) = preSolution
		Debug|Any CPU = Debug|Any CPU
		Release|Any CPU = Release|Any CPU
	EndGlobalSection
	GlobalSection(ProjectConfigurationPlatforms) = postSolution
		{C2A1C18C-F2AD-4881-BE63-58E4D43D30CF}.Debug|Any CPU.ActiveCfg = Debug|Any CPU
		{C2A1C18C-F2AD-4881-BE63-58E4D43D30CF}.Debug|Any CPU.Build.0 = Debug|Any CPU
		{C2A1C18C-F2AD-4881-BE63-58E4D43D30CF}.Release|Any CPU.ActiveCfg = Release|Any CPU
		{C2A1C18C-F2AD-4881-BE63-58E4D43D30CF}.Release|Any CPU.Build.0 = Release|Any CPU
	EndGlobalSection
	GlobalSection(SolutionProperties) = preSolution
		HideSolutionNode = FALSE
	EndGlobalSection
EndGlobal
